
Microsoft Visual Studio Solution File, Format Version 12.00
# Visual Studio 15
VisualStudioVersion = 15.0.26430.16
MinimumVisualStudioVersion = 10.0.40219.1
Project("{8BC9CEB8-8B4A-11D0-8D11-00A0C91BC942}") = "lib", "lib\lib.vcxproj", "{B2EA5BED-EBE7-4C96-A869-6FE170829E9A}"
EndProject
Project("{8BC9CEB8-8B4A-11D0-8D11-00A0C91BC942}") = "test_deep_feedback_learning", "tests_c\test_deep_feedback_learning.vcxproj", "{244A6682-F582-4A5F-8577-C11996A9DE43}"
	ProjectSection(ProjectDependencies) = postProject
		{B2EA5BED-EBE7-4C96-A869-6FE170829E9A} = {B2EA5BED-EBE7-4C96-A869-6FE170829E9A}
	EndProjectSection
EndProject
Project("{8BC9CEB8-8B4A-11D0-8D11-00A0C91BC942}") = "test_neuron", "tests_c\test_neuron.vcxproj", "{A23D0380-A5FB-45FC-831F-0A62A51BB06A}"
	ProjectSection(ProjectDependencies) = postProject
		{B2EA5BED-EBE7-4C96-A869-6FE170829E9A} = {B2EA5BED-EBE7-4C96-A869-6FE170829E9A}
	EndProjectSection
EndProject
Global
	GlobalSection(SolutionConfigurationPlatforms) = preSolution
		Debug|x64 = Debug|x64
		Debug|x86 = Debug|x86
		Release|x64 = Release|x64
		Release|x86 = Release|x86
	EndGlobalSection
	GlobalSection(ProjectConfigurationPlatforms) = postSolution
		{B2EA5BED-EBE7-4C96-A869-6FE170829E9A}.Debug|x64.ActiveCfg = Debug|x64
		{B2EA5BED-EBE7-4C96-A869-6FE170829E9A}.Debug|x64.Build.0 = Debug|x64
		{B2EA5BED-EBE7-4C96-A869-6FE170829E9A}.Debug|x86.ActiveCfg = Debug|x64
		{B2EA5BED-EBE7-4C96-A869-6FE170829E9A}.Debug|x86.Build.0 = Debug|x64
		{B2EA5BED-EBE7-4C96-A869-6FE170829E9A}.Release|x64.ActiveCfg = Release|x64
		{B2EA5BED-EBE7-4C96-A869-6FE170829E9A}.Release|x64.Build.0 = Release|x64
		{B2EA5BED-EBE7-4C96-A869-6FE170829E9A}.Release|x86.ActiveCfg = Release|Win32
		{B2EA5BED-EBE7-4C96-A869-6FE170829E9A}.Release|x86.Build.0 = Release|Win32
		{244A6682-F582-4A5F-8577-C11996A9DE43}.Debug|x64.ActiveCfg = Debug|x64
		{244A6682-F582-4A5F-8577-C11996A9DE43}.Debug|x64.Build.0 = Debug|x64
		{244A6682-F582-4A5F-8577-C11996A9DE43}.Debug|x86.ActiveCfg = Debug|Win32
		{244A6682-F582-4A5F-8577-C11996A9DE43}.Debug|x86.Build.0 = Debug|Win32
		{244A6682-F582-4A5F-8577-C11996A9DE43}.Release|x64.ActiveCfg = Release|x64
		{244A6682-F582-4A5F-8577-C11996A9DE43}.Release|x64.Build.0 = Release|x64
		{244A6682-F582-4A5F-8577-C11996A9DE43}.Release|x86.ActiveCfg = Release|Win32
		{244A6682-F582-4A5F-8577-C11996A9DE43}.Release|x86.Build.0 = Release|Win32
		{A23D0380-A5FB-45FC-831F-0A62A51BB06A}.Debug|x64.ActiveCfg = Debug|x64
		{A23D0380-A5FB-45FC-831F-0A62A51BB06A}.Debug|x64.Build.0 = Debug|x64
		{A23D0380-A5FB-45FC-831F-0A62A51BB06A}.Debug|x86.ActiveCfg = Debug|Win32
		{A23D0380-A5FB-45FC-831F-0A62A51BB06A}.Debug|x86.Build.0 = Debug|Win32
		{A23D0380-A5FB-45FC-831F-0A62A51BB06A}.Release|x64.ActiveCfg = Release|x64
		{A23D0380-A5FB-45FC-831F-0A62A51BB06A}.Release|x64.Build.0 = Release|x64
		{A23D0380-A5FB-45FC-831F-0A62A51BB06A}.Release|x86.ActiveCfg = Release|Win32
		{A23D0380-A5FB-45FC-831F-0A62A51BB06A}.Release|x86.Build.0 = Release|Win32
	EndGlobalSection
	GlobalSection(SolutionProperties) = preSolution
		HideSolutionNode = FALSE
	EndGlobalSection
EndGlobal
